
Microsoft Visual Studio Solution File, Format Version 12.00
# Visual Studio Version 17
VisualStudioVersion = 17.7.34031.279
MinimumVisualStudioVersion = 10.0.40219.1
Project("{FAE04EC0-301F-11D3-BF4B-00C04F79EFBC}") = "Client", "Client\Client.csproj", "{B21E4025-C0A4-4F6C-B5DF-F49DE86BEE69}"
EndProject
Project("{FAE04EC0-301F-11D3-BF4B-00C04F79EFBC}") = "Server", "Server\Server.csproj", "{E41E582D-208A-4004-B634-16CF0CCBAEF1}"
EndProject
Global
	GlobalSection(SolutionConfigurationPlatforms) = preSolution
		Debug|Any CPU = Debug|Any CPU
		Release|Any CPU = Release|Any CPU
	EndGlobalSection
	GlobalSection(ProjectConfigurationPlatforms) = postSolution
		{B21E4025-C0A4-4F6C-B5DF-F49DE86BEE69}.Debug|Any CPU.ActiveCfg = Debug|Any CPU
		{B21E4025-C0A4-4F6C-B5DF-F49DE86BEE69}.Debug|Any CPU.Build.0 = Debug|Any CPU
		{B21E4025-C0A4-4F6C-B5DF-F49DE86BEE69}.Release|Any CPU.ActiveCfg = Release|Any CPU
		{B21E4025-C0A4-4F6C-B5DF-F49DE86BEE69}.Release|Any CPU.Build.0 = Release|Any CPU
		{E41E582D-208A-4004-B634-16CF0CCBAEF1}.Debug|Any CPU.ActiveCfg = Debug|Any CPU
		{E41E582D-208A-4004-B634-16CF0CCBAEF1}.Debug|Any CPU.Build.0 = Debug|Any CPU
		{E41E582D-208A-4004-B634-16CF0CCBAEF1}.Release|Any CPU.ActiveCfg = Release|Any CPU
		{E41E582D-208A-4004-B634-16CF0CCBAEF1}.Release|Any CPU.Build.0 = Release|Any CPU
	EndGlobalSection
	GlobalSection(SolutionProperties) = preSolution
		HideSolutionNode = FALSE
	EndGlobalSection
	GlobalSection(ExtensibilityGlobals) = postSolution
		SolutionGuid = {C162969F-0D3B-4257-9F87-BDFB6F566AA8}
	EndGlobalSection
EndGlobal
